
Microsoft Visual Studio Solution File, Format Version 12.00
# Visual Studio 15
VisualStudioVersion = 15.0.27703.2026
MinimumVisualStudioVersion = 10.0.40219.1
Project("{FAE04EC0-301F-11D3-BF4B-00C04F79EFBC}") = "NodaTimeExamples", "NodaTimeExamples\NodaTimeExamples.csproj", "{949A99D0-8007-458C-B286-9D532B5AA2CC}"
EndProject
Global
	GlobalSection(SolutionConfigurationPlatforms) = preSolution
		Debug|Any CPU = Debug|Any CPU
		Release|Any CPU = Release|Any CPU
	EndGlobalSection
	GlobalSection(ProjectConfigurationPlatforms) = postSolution
		{949A99D0-8007-458C-B286-9D532B5AA2CC}.Debug|Any CPU.ActiveCfg = Debug|Any CPU
		{949A99D0-8007-458C-B286-9D532B5AA2CC}.Debug|Any CPU.Build.0 = Debug|Any CPU
		{949A99D0-8007-458C-B286-9D532B5AA2CC}.Release|Any CPU.ActiveCfg = Release|Any CPU
		{949A99D0-8007-458C-B286-9D532B5AA2CC}.Release|Any CPU.Build.0 = Release|Any CPU
	EndGlobalSection
	GlobalSection(SolutionProperties) = preSolution
		HideSolutionNode = FALSE
	EndGlobalSection
	GlobalSection(ExtensibilityGlobals) = postSolution
		SolutionGuid = {55EDE591-C464-400C-82C6-3E104751A6A0}
	EndGlobalSection
EndGlobal
